// !$*UTF8*$!
{
	archiveVersion = 1;
	classes = {
	};
	objectVersion = 55;
	objects = {

/* Begin PBXBuildFile section */
		32257E2E28ACF7900084218F /* AppDelegate.swift in Sources */ = {isa = PBXBuildFile; fileRef = 32257E2D28ACF7900084218F /* AppDelegate.swift */; };
		32257E3028ACF7900084218F /* SceneDelegate.swift in Sources */ = {isa = PBXBuildFile; fileRef = 32257E2F28ACF7900084218F /* SceneDelegate.swift */; };
		32257E3228ACF7900084218F /* ViewController.swift in Sources */ = {isa = PBXBuildFile; fileRef = 32257E3128ACF7900084218F /* ViewController.swift */; };
		32257E3528ACF7900084218F /* Main.storyboard in Resources */ = {isa = PBXBuildFile; fileRef = 32257E3328ACF7900084218F /* Main.storyboard */; };
		32257E3828ACF7900084218F /* RIL_Notes.xcdatamodeld in Sources */ = {isa = PBXBuildFile; fileRef = 32257E3628ACF7900084218F /* RIL_Notes.xcdatamodeld */; };
		32257E3A28ACF7950084218F /* Assets.xcassets in Resources */ = {isa = PBXBuildFile; fileRef = 32257E3928ACF7950084218F /* Assets.xcassets */; };
		32257E3D28ACF7950084218F /* LaunchScreen.storyboard in Resources */ = {isa = PBXBuildFile; fileRef = 32257E3B28ACF7950084218F /* LaunchScreen.storyboard */; };
		32257E4828ACF7950084218F /* RIL_NotesTests.swift in Sources */ = {isa = PBXBuildFile; fileRef = 32257E4728ACF7950084218F /* RIL_NotesTests.swift */; };
		32257E5228ACF7950084218F /* RIL_NotesUITests.swift in Sources */ = {isa = PBXBuildFile; fileRef = 32257E5128ACF7950084218F /* RIL_NotesUITests.swift */; };
		32257E5428ACF7950084218F /* RIL_NotesUITestsLaunchTests.swift in Sources */ = {isa = PBXBuildFile; fileRef = 32257E5328ACF7950084218F /* RIL_NotesUITestsLaunchTests.swift */; };
		32257E6828ACFA980084218F /* NotesManager.swift in Sources */ = {isa = PBXBuildFile; fileRef = 32257E6728ACFA980084218F /* NotesManager.swift */; };
		32257E6B28ACFAF20084218F /* NoteModel.swift in Sources */ = {isa = PBXBuildFile; fileRef = 32257E6A28ACFAF20084218F /* NoteModel.swift */; };
		32257E6F28AD03290084218F /* NotesListView.swift in Sources */ = {isa = PBXBuildFile; fileRef = 32257E6E28AD03280084218F /* NotesListView.swift */; };
		32257E7228AD03610084218F /* UIKitExtensions.swift in Sources */ = {isa = PBXBuildFile; fileRef = 32257E7128AD03610084218F /* UIKitExtensions.swift */; };
		32257E7428AD08400084218F /* NoteView.swift in Sources */ = {isa = PBXBuildFile; fileRef = 32257E7328AD083F0084218F /* NoteView.swift */; };
		32257E7728AD1B6B0084218F /* Helper.swift in Sources */ = {isa = PBXBuildFile; fileRef = 32257E7628AD1B6B0084218F /* Helper.swift */; };
		32257E7928AD2D9E0084218F /* NoteDisplayView.swift in Sources */ = {isa = PBXBuildFile; fileRef = 32257E7828AD2D9E0084218F /* NoteDisplayView.swift */; };
		32257E7C28AD352E0084218F /* ExpandableTextView.swift in Sources */ = {isa = PBXBuildFile; fileRef = 32257E7B28AD352E0084218F /* ExpandableTextView.swift */; };
/* End PBXBuildFile section */

/* Begin PBXContainerItemProxy section */
		32257E4428ACF7950084218F /* PBXContainerItemProxy */ = {
			isa = PBXContainerItemProxy;
			containerPortal = 32257E2228ACF7900084218F /* Project object */;
			proxyType = 1;
			remoteGlobalIDString = 32257E2928ACF7900084218F;
			remoteInfo = "RIL Notes";
		};
		32257E4E28ACF7950084218F /* PBXContainerItemProxy */ = {
			isa = PBXContainerItemProxy;
			containerPortal = 32257E2228ACF7900084218F /* Project object */;
			proxyType = 1;
			remoteGlobalIDString = 32257E2928ACF7900084218F;
			remoteInfo = "RIL Notes";
		};
/* End PBXContainerItemProxy section */

/* Begin PBXFileReference section */
		32257E2A28ACF7900084218F /* RIL Notes.app */ = {isa = PBXFileReference; explicitFileType = wrapper.application; includeInIndex = 0; path = "RIL Notes.app"; sourceTree = BUILT_PRODUCTS_DIR; };
		32257E2D28ACF7900084218F /* AppDelegate.swift */ = {isa = PBXFileReference; lastKnownFileType = sourcecode.swift; path = AppDelegate.swift; sourceTree = "<group>"; };
		32257E2F28ACF7900084218F /* SceneDelegate.swift */ = {isa = PBXFileReference; lastKnownFileType = sourcecode.swift; path = SceneDelegate.swift; sourceTree = "<group>"; };
		32257E3128ACF7900084218F /* ViewController.swift */ = {isa = PBXFileReference; lastKnownFileType = sourcecode.swift; path = ViewController.swift; sourceTree = "<group>"; };
		32257E3428ACF7900084218F /* Base */ = {isa = PBXFileReference; lastKnownFileType = file.storyboard; name = Base; path = Base.lproj/Main.storyboard; sourceTree = "<group>"; };
		32257E3728ACF7900084218F /* RIL_Notes.xcdatamodel */ = {isa = PBXFileReference; lastKnownFileType = wrapper.xcdatamodel; path = RIL_Notes.xcdatamodel; sourceTree = "<group>"; };
		32257E3928ACF7950084218F /* Assets.xcassets */ = {isa = PBXFileReference; lastKnownFileType = folder.assetcatalog; path = Assets.xcassets; sourceTree = "<group>"; };
		32257E3C28ACF7950084218F /* Base */ = {isa = PBXFileReference; lastKnownFileType = file.storyboard; name = Base; path = Base.lproj/LaunchScreen.storyboard; sourceTree = "<group>"; };
		32257E3E28ACF7950084218F /* Info.plist */ = {isa = PBXFileReference; lastKnownFileType = text.plist.xml; path = Info.plist; sourceTree = "<group>"; };
		32257E4328ACF7950084218F /* RIL NotesTests.xctest */ = {isa = PBXFileReference; explicitFileType = wrapper.cfbundle; includeInIndex = 0; path = "RIL NotesTests.xctest"; sourceTree = BUILT_PRODUCTS_DIR; };
		32257E4728ACF7950084218F /* RIL_NotesTests.swift */ = {isa = PBXFileReference; lastKnownFileType = sourcecode.swift; path = RIL_NotesTests.swift; sourceTree = "<group>"; };
		32257E4D28ACF7950084218F /* RIL NotesUITests.xctest */ = {isa = PBXFileReference; explicitFileType = wrapper.cfbundle; includeInIndex = 0; path = "RIL NotesUITests.xctest"; sourceTree = BUILT_PRODUCTS_DIR; };
		32257E5128ACF7950084218F /* RIL_NotesUITests.swift */ = {isa = PBXFileReference; lastKnownFileType = sourcecode.swift; path = RIL_NotesUITests.swift; sourceTree = "<group>"; };
		32257E5328ACF7950084218F /* RIL_NotesUITestsLaunchTests.swift */ = {isa = PBXFileReference; lastKnownFileType = sourcecode.swift; path = RIL_NotesUITestsLaunchTests.swift; sourceTree = "<group>"; };
		32257E6728ACFA980084218F /* NotesManager.swift */ = {isa = PBXFileReference; lastKnownFileType = sourcecode.swift; path = NotesManager.swift; sourceTree = "<group>"; };
		32257E6A28ACFAF20084218F /* NoteModel.swift */ = {isa = PBXFileReference; lastKnownFileType = sourcecode.swift; path = NoteModel.swift; sourceTree = "<group>"; };
		32257E6E28AD03280084218F /* NotesListView.swift */ = {isa = PBXFileReference; lastKnownFileType = sourcecode.swift; path = NotesListView.swift; sourceTree = "<group>"; };
		32257E7128AD03610084218F /* UIKitExtensions.swift */ = {isa = PBXFileReference; lastKnownFileType = sourcecode.swift; path = UIKitExtensions.swift; sourceTree = "<group>"; };
		32257E7328AD083F0084218F /* NoteView.swift */ = {isa = PBXFileReference; lastKnownFileType = sourcecode.swift; path = NoteView.swift; sourceTree = "<group>"; };
		32257E7628AD1B6B0084218F /* Helper.swift */ = {isa = PBXFileReference; lastKnownFileType = sourcecode.swift; path = Helper.swift; sourceTree = "<group>"; };
		32257E7828AD2D9E0084218F /* NoteDisplayView.swift */ = {isa = PBXFileReference; lastKnownFileType = sourcecode.swift; path = NoteDisplayView.swift; sourceTree = "<group>"; };
		32257E7B28AD352E0084218F /* ExpandableTextView.swift */ = {isa = PBXFileReference; lastKnownFileType = sourcecode.swift; path = ExpandableTextView.swift; sourceTree = "<group>"; };
/* End PBXFileReference section */

/* Begin PBXFrameworksBuildPhase section */
		32257E2728ACF7900084218F /* Frameworks */ = {
			isa = PBXFrameworksBuildPhase;
			buildActionMask = 2147483647;
			files = (
			);
			runOnlyForDeploymentPostprocessing = 0;
		};
		32257E4028ACF7950084218F /* Frameworks */ = {
			isa = PBXFrameworksBuildPhase;
			buildActionMask = 2147483647;
			files = (
			);
			runOnlyForDeploymentPostprocessing = 0;
		};
		32257E4A28ACF7950084218F /* Frameworks */ = {
			isa = PBXFrameworksBuildPhase;
			buildActionMask = 2147483647;
			files = (
			);
			runOnlyForDeploymentPostprocessing = 0;
		};
/* End PBXFrameworksBuildPhase section */

/* Begin PBXGroup section */
		32257E2128ACF7900084218F = {
			isa = PBXGroup;
			children = (
				32257E2C28ACF7900084218F /* RIL Notes */,
				32257E4628ACF7950084218F /* RIL NotesTests */,
				32257E5028ACF7950084218F /* RIL NotesUITests */,
				32257E2B28ACF7900084218F /* Products */,
			);
			sourceTree = "<group>";
		};
		32257E2B28ACF7900084218F /* Products */ = {
			isa = PBXGroup;
			children = (
				32257E2A28ACF7900084218F /* RIL Notes.app */,
				32257E4328ACF7950084218F /* RIL NotesTests.xctest */,
				32257E4D28ACF7950084218F /* RIL NotesUITests.xctest */,
			);
			name = Products;
			sourceTree = "<group>";
		};
		32257E2C28ACF7900084218F /* RIL Notes */ = {
			isa = PBXGroup;
			children = (
				32257E7A28AD35190084218F /* CustomViews */,
				32257E7528AD1B480084218F /* HelperManager */,
				32257E7028AD034C0084218F /* UIKitExtensions */,
				32257E6D28AD02D50084218F /* View */,
				32257E6928ACFAE80084218F /* Model */,
				32257E6428ACF9BE0084218F /* CoreData */,
				32257E2D28ACF7900084218F /* AppDelegate.swift */,
				32257E2F28ACF7900084218F /* SceneDelegate.swift */,
				32257E3128ACF7900084218F /* ViewController.swift */,
				32257E3328ACF7900084218F /* Main.storyboard */,
				32257E3928ACF7950084218F /* Assets.xcassets */,
				32257E3B28ACF7950084218F /* LaunchScreen.storyboard */,
				32257E3E28ACF7950084218F /* Info.plist */,
			);
			path = "RIL Notes";
			sourceTree = "<group>";
		};
		32257E4628ACF7950084218F /* RIL NotesTests */ = {
			isa = PBXGroup;
			children = (
				32257E4728ACF7950084218F /* RIL_NotesTests.swift */,
			);
			path = "RIL NotesTests";
			sourceTree = "<group>";
		};
		32257E5028ACF7950084218F /* RIL NotesUITests */ = {
			isa = PBXGroup;
			children = (
				32257E5128ACF7950084218F /* RIL_NotesUITests.swift */,
				32257E5328ACF7950084218F /* RIL_NotesUITestsLaunchTests.swift */,
			);
			path = "RIL NotesUITests";
			sourceTree = "<group>";
		};
		32257E6428ACF9BE0084218F /* CoreData */ = {
			isa = PBXGroup;
			children = (
				32257E3628ACF7900084218F /* RIL_Notes.xcdatamodeld */,
				32257E6728ACFA980084218F /* NotesManager.swift */,
			);
			path = CoreData;
			sourceTree = "<group>";
		};
		32257E6928ACFAE80084218F /* Model */ = {
			isa = PBXGroup;
			children = (
				32257E6A28ACFAF20084218F /* NoteModel.swift */,
			);
			path = Model;
			sourceTree = "<group>";
		};
		32257E6D28AD02D50084218F /* View */ = {
			isa = PBXGroup;
			children = (
				32257E6E28AD03280084218F /* NotesListView.swift */,
				32257E7828AD2D9E0084218F /* NoteDisplayView.swift */,
				32257E7328AD083F0084218F /* NoteView.swift */,
			);
			path = View;
			sourceTree = "<group>";
		};
		32257E7028AD034C0084218F /* UIKitExtensions */ = {
			isa = PBXGroup;
			children = (
				32257E7128AD03610084218F /* UIKitExtensions.swift */,
			);
			path = UIKitExtensions;
			sourceTree = "<group>";
		};
		32257E7528AD1B480084218F /* HelperManager */ = {
			isa = PBXGroup;
			children = (
				32257E7628AD1B6B0084218F /* Helper.swift */,
			);
			path = HelperManager;
			sourceTree = "<group>";
		};
		32257E7A28AD35190084218F /* CustomViews */ = {
			isa = PBXGroup;
			children = (
				32257E7B28AD352E0084218F /* ExpandableTextView.swift */,
			);
			path = CustomViews;
			sourceTree = "<group>";
		};
/* End PBXGroup section */

/* Begin PBXNativeTarget section */
		32257E2928ACF7900084218F /* RIL Notes */ = {
			isa = PBXNativeTarget;
			buildConfigurationList = 32257E5728ACF7950084218F /* Build configuration list for PBXNativeTarget "RIL Notes" */;
			buildPhases = (
				32257E2628ACF7900084218F /* Sources */,
				32257E2728ACF7900084218F /* Frameworks */,
				32257E2828ACF7900084218F /* Resources */,
			);
			buildRules = (
			);
			dependencies = (
			);
			name = "RIL Notes";
			productName = "RIL Notes";
			productReference = 32257E2A28ACF7900084218F /* RIL Notes.app */;
			productType = "com.apple.product-type.application";
		};
		32257E4228ACF7950084218F /* RIL NotesTests */ = {
			isa = PBXNativeTarget;
			buildConfigurationList = 32257E5A28ACF7950084218F /* Build configuration list for PBXNativeTarget "RIL NotesTests" */;
			buildPhases = (
				32257E3F28ACF7950084218F /* Sources */,
				32257E4028ACF7950084218F /* Frameworks */,
				32257E4128ACF7950084218F /* Resources */,
			);
			buildRules = (
			);
			dependencies = (
				32257E4528ACF7950084218F /* PBXTargetDependency */,
			);
			name = "RIL NotesTests";
			productName = "RIL NotesTests";
			productReference = 32257E4328ACF7950084218F /* RIL NotesTests.xctest */;
			productType = "com.apple.product-type.bundle.unit-test";
		};
		32257E4C28ACF7950084218F /* RIL NotesUITests */ = {
			isa = PBXNativeTarget;
			buildConfigurationList = 32257E5D28ACF7950084218F /* Build configuration list for PBXNativeTarget "RIL NotesUITests" */;
			buildPhases = (
				32257E4928ACF7950084218F /* Sources */,
				32257E4A28ACF7950084218F /* Frameworks */,
				32257E4B28ACF7950084218F /* Resources */,
			);
			buildRules = (
			);
			dependencies = (
				32257E4F28ACF7950084218F /* PBXTargetDependency */,
			);
			name = "RIL NotesUITests";
			productName = "RIL NotesUITests";
			productReference = 32257E4D28ACF7950084218F /* RIL NotesUITests.xctest */;
			productType = "com.apple.product-type.bundle.ui-testing";
		};
/* End PBXNativeTarget section */

/* Begin PBXProject section */
		32257E2228ACF7900084218F /* Project object */ = {
			isa = PBXProject;
			attributes = {
				BuildIndependentTargetsInParallel = 1;
				LastSwiftUpdateCheck = 1340;
				LastUpgradeCheck = 1340;
				TargetAttributes = {
					32257E2928ACF7900084218F = {
						CreatedOnToolsVersion = 13.4.1;
					};
					32257E4228ACF7950084218F = {
						CreatedOnToolsVersion = 13.4.1;
						TestTargetID = 32257E2928ACF7900084218F;
					};
					32257E4C28ACF7950084218F = {
						CreatedOnToolsVersion = 13.4.1;
						TestTargetID = 32257E2928ACF7900084218F;
					};
				};
			};
			buildConfigurationList = 32257E2528ACF7900084218F /* Build configuration list for PBXProject "RIL Notes" */;
			compatibilityVersion = "Xcode 13.0";
			developmentRegion = en;
			hasScannedForEncodings = 0;
			knownRegions = (
				en,
				Base,
			);
			mainGroup = 32257E2128ACF7900084218F;
			productRefGroup = 32257E2B28ACF7900084218F /* Products */;
			projectDirPath = "";
			projectRoot = "";
			targets = (
				32257E2928ACF7900084218F /* RIL Notes */,
				32257E4228ACF7950084218F /* RIL NotesTests */,
				32257E4C28ACF7950084218F /* RIL NotesUITests */,
			);
		};
/* End PBXProject section */

/* Begin PBXResourcesBuildPhase section */
		32257E2828ACF7900084218F /* Resources */ = {
			isa = PBXResourcesBuildPhase;
			buildActionMask = 2147483647;
			files = (
				32257E3D28ACF7950084218F /* LaunchScreen.storyboard in Resources */,
				32257E3A28ACF7950084218F /* Assets.xcassets in Resources */,
				32257E3528ACF7900084218F /* Main.storyboard in Resources */,
			);
			runOnlyForDeploymentPostprocessing = 0;
		};
		32257E4128ACF7950084218F /* Resources */ = {
			isa = PBXResourcesBuildPhase;
			buildActionMask = 2147483647;
			files = (
			);
			runOnlyForDeploymentPostprocessing = 0;
		};
		32257E4B28ACF7950084218F /* Resources */ = {
			isa = PBXResourcesBuildPhase;
			buildActionMask = 2147483647;
			files = (
			);
			runOnlyForDeploymentPostprocessing = 0;
		};
/* End PBXResourcesBuildPhase section */

/* Begin PBXSourcesBuildPhase section */
		32257E2628ACF7900084218F /* Sources */ = {
			isa = PBXSourcesBuildPhase;
			buildActionMask = 2147483647;
			files = (
				32257E3228ACF7900084218F /* ViewController.swift in Sources */,
				32257E3828ACF7900084218F /* RIL_Notes.xcdatamodeld in Sources */,
				32257E7928AD2D9E0084218F /* NoteDisplayView.swift in Sources */,
				32257E6B28ACFAF20084218F /* NoteModel.swift in Sources */,
				32257E7228AD03610084218F /* UIKitExtensions.swift in Sources */,
				32257E6828ACFA980084218F /* NotesManager.swift in Sources */,
				32257E2E28ACF7900084218F /* AppDelegate.swift in Sources */,
				32257E7C28AD352E0084218F /* ExpandableTextView.swift in Sources */,
				32257E6F28AD03290084218F /* NotesListView.swift in Sources */,
				32257E7728AD1B6B0084218F /* Helper.swift in Sources */,
				32257E3028ACF7900084218F /* SceneDelegate.swift in Sources */,
				32257E7428AD08400084218F /* NoteView.swift in Sources */,
			);
			runOnlyForDeploymentPostprocessing = 0;
		};
		32257E3F28ACF7950084218F /* Sources */ = {
			isa = PBXSourcesBuildPhase;
			buildActionMask = 2147483647;
			files = (
				32257E4828ACF7950084218F /* RIL_NotesTests.swift in Sources */,
			);
			runOnlyForDeploymentPostprocessing = 0;
		};
		32257E4928ACF7950084218F /* Sources */ = {
			isa = PBXSourcesBuildPhase;
			buildActionMask = 2147483647;
			files = (
				32257E5428ACF7950084218F /* RIL_NotesUITestsLaunchTests.swift in Sources */,
				32257E5228ACF7950084218F /* RIL_NotesUITests.swift in Sources */,
			);
			runOnlyForDeploymentPostprocessing = 0;
		};
/* End PBXSourcesBuildPhase section */

/* Begin PBXTargetDependency section */
		32257E4528ACF7950084218F /* PBXTargetDependency */ = {
			isa = PBXTargetDependency;
			target = 32257E2928ACF7900084218F /* RIL Notes */;
			targetProxy = 32257E4428ACF7950084218F /* PBXContainerItemProxy */;
		};
		32257E4F28ACF7950084218F /* PBXTargetDependency */ = {
			isa = PBXTargetDependency;
			target = 32257E2928ACF7900084218F /* RIL Notes */;
			targetProxy = 32257E4E28ACF7950084218F /* PBXContainerItemProxy */;
		};
/* End PBXTargetDependency section */

/* Begin PBXVariantGroup section */
		32257E3328ACF7900084218F /* Main.storyboard */ = {
			isa = PBXVariantGroup;
			children = (
				32257E3428ACF7900084218F /* Base */,
			);
			name = Main.storyboard;
			sourceTree = "<group>";
		};
		32257E3B28ACF7950084218F /* LaunchScreen.storyboard */ = {
			isa = PBXVariantGroup;
			children = (
				32257E3C28ACF7950084218F /* Base */,
			);
			name = LaunchScreen.storyboard;
			sourceTree = "<group>";
		};
/* End PBXVariantGroup section */

/* Begin XCBuildConfiguration section */
		32257E5528ACF7950084218F /* Debug */ = {
			isa = XCBuildConfiguration;
			buildSettings = {
				ALWAYS_SEARCH_USER_PATHS = NO;
				CLANG_ANALYZER_NONNULL = YES;
				CLANG_ANALYZER_NUMBER_OBJECT_CONVERSION = YES_AGGRESSIVE;
				CLANG_CXX_LANGUAGE_STANDARD = "gnu++17";
				CLANG_ENABLE_MODULES = YES;
				CLANG_ENABLE_OBJC_ARC = YES;
				CLANG_ENABLE_OBJC_WEAK = YES;
				CLANG_WARN_BLOCK_CAPTURE_AUTORELEASING = YES;
				CLANG_WARN_BOOL_CONVERSION = YES;
				CLANG_WARN_COMMA = YES;
				CLANG_WARN_CONSTANT_CONVERSION = YES;
				CLANG_WARN_DEPRECATED_OBJC_IMPLEMENTATIONS = YES;
				CLANG_WARN_DIRECT_OBJC_ISA_USAGE = YES_ERROR;
				CLANG_WARN_DOCUMENTATION_COMMENTS = YES;
				CLANG_WARN_EMPTY_BODY = YES;
				CLANG_WARN_ENUM_CONVERSION = YES;
				CLANG_WARN_INFINITE_RECURSION = YES;
				CLANG_WARN_INT_CONVERSION = YES;
				CLANG_WARN_NON_LITERAL_NULL_CONVERSION = YES;
				CLANG_WARN_OBJC_IMPLICIT_RETAIN_SELF = YES;
				CLANG_WARN_OBJC_LITERAL_CONVERSION = YES;
				CLANG_WARN_OBJC_ROOT_CLASS = YES_ERROR;
				CLANG_WARN_QUOTED_INCLUDE_IN_FRAMEWORK_HEADER = YES;
				CLANG_WARN_RANGE_LOOP_ANALYSIS = YES;
				CLANG_WARN_STRICT_PROTOTYPES = YES;
				CLANG_WARN_SUSPICIOUS_MOVE = YES;
				CLANG_WARN_UNGUARDED_AVAILABILITY = YES_AGGRESSIVE;
				CLANG_WARN_UNREACHABLE_CODE = YES;
				CLANG_WARN__DUPLICATE_METHOD_MATCH = YES;
				COPY_PHASE_STRIP = NO;
				DEBUG_INFORMATION_FORMAT = dwarf;
				ENABLE_STRICT_OBJC_MSGSEND = YES;
				ENABLE_TESTABILITY = YES;
				GCC_C_LANGUAGE_STANDARD = gnu11;
				GCC_DYNAMIC_NO_PIC = NO;
				GCC_NO_COMMON_BLOCKS = YES;
				GCC_OPTIMIZATION_LEVEL = 0;
				GCC_PREPROCESSOR_DEFINITIONS = (
					"DEBUG=1",
					"$(inherited)",
				);
				GCC_WARN_64_TO_32_BIT_CONVERSION = YES;
				GCC_WARN_ABOUT_RETURN_TYPE = YES_ERROR;
				GCC_WARN_UNDECLARED_SELECTOR = YES;
				GCC_WARN_UNINITIALIZED_AUTOS = YES_AGGRESSIVE;
				GCC_WARN_UNUSED_FUNCTION = YES;
				GCC_WARN_UNUSED_VARIABLE = YES;
				IPHONEOS_DEPLOYMENT_TARGET = 15.5;
				MTL_ENABLE_DEBUG_INFO = INCLUDE_SOURCE;
				MTL_FAST_MATH = YES;
				ONLY_ACTIVE_ARCH = YES;
				SDKROOT = iphoneos;
				SWIFT_ACTIVE_COMPILATION_CONDITIONS = DEBUG;
				SWIFT_OPTIMIZATION_LEVEL = "-Onone";
			};
			name = Debug;
		};
		32257E5628ACF7950084218F /* Release */ = {
			isa = XCBuildConfiguration;
			buildSettings = {
				ALWAYS_SEARCH_USER_PATHS = NO;
				CLANG_ANALYZER_NONNULL = YES;
				CLANG_ANALYZER_NUMBER_OBJECT_CONVERSION = YES_AGGRESSIVE;
				CLANG_CXX_LANGUAGE_STANDARD = "gnu++17";
				CLANG_ENABLE_MODULES = YES;
				CLANG_ENABLE_OBJC_ARC = YES;
				CLANG_ENABLE_OBJC_WEAK = YES;
				CLANG_WARN_BLOCK_CAPTURE_AUTORELEASING = YES;
				CLANG_WARN_BOOL_CONVERSION = YES;
				CLANG_WARN_COMMA = YES;
				CLANG_WARN_CONSTANT_CONVERSION = YES;
				CLANG_WARN_DEPRECATED_OBJC_IMPLEMENTATIONS = YES;
				CLANG_WARN_DIRECT_OBJC_ISA_USAGE = YES_ERROR;
				CLANG_WARN_DOCUMENTATION_COMMENTS = YES;
				CLANG_WARN_EMPTY_BODY = YES;
				CLANG_WARN_ENUM_CONVERSION = YES;
				CLANG_WARN_INFINITE_RECURSION = YES;
				CLANG_WARN_INT_CONVERSION = YES;
				CLANG_WARN_NON_LITERAL_NULL_CONVERSION = YES;
				CLANG_WARN_OBJC_IMPLICIT_RETAIN_SELF = YES;
				CLANG_WARN_OBJC_LITERAL_CONVERSION = YES;
				CLANG_WARN_OBJC_ROOT_CLASS = YES_ERROR;
				CLANG_WARN_QUOTED_INCLUDE_IN_FRAMEWORK_HEADER = YES;
				CLANG_WARN_RANGE_LOOP_ANALYSIS = YES;
				CLANG_WARN_STRICT_PROTOTYPES = YES;
				CLANG_WARN_SUSPICIOUS_MOVE = YES;
				CLANG_WARN_UNGUARDED_AVAILABILITY = YES_AGGRESSIVE;
				CLANG_WARN_UNREACHABLE_CODE = YES;
				CLANG_WARN__DUPLICATE_METHOD_MATCH = YES;
				COPY_PHASE_STRIP = NO;
				DEBUG_INFORMATION_FORMAT = "dwarf-with-dsym";
				ENABLE_NS_ASSERTIONS = NO;
				ENABLE_STRICT_OBJC_MSGSEND = YES;
				GCC_C_LANGUAGE_STANDARD = gnu11;
				GCC_NO_COMMON_BLOCKS = YES;
				GCC_WARN_64_TO_32_BIT_CONVERSION = YES;
				GCC_WARN_ABOUT_RETURN_TYPE = YES_ERROR;
				GCC_WARN_UNDECLARED_SELECTOR = YES;
				GCC_WARN_UNINITIALIZED_AUTOS = YES_AGGRESSIVE;
				GCC_WARN_UNUSED_FUNCTION = YES;
				GCC_WARN_UNUSED_VARIABLE = YES;
				IPHONEOS_DEPLOYMENT_TARGET = 15.5;
				MTL_ENABLE_DEBUG_INFO = NO;
				MTL_FAST_MATH = YES;
				SDKROOT = iphoneos;
				SWIFT_COMPILATION_MODE = wholemodule;
				SWIFT_OPTIMIZATION_LEVEL = "-O";
				VALIDATE_PRODUCT = YES;
			};
			name = Release;
		};
		32257E5828ACF7950084218F /* Debug */ = {
			isa = XCBuildConfiguration;
			buildSettings = {
				ASSETCATALOG_COMPILER_APPICON_NAME = AppIcon;
				ASSETCATALOG_COMPILER_GLOBAL_ACCENT_COLOR_NAME = AccentColor;
				CODE_SIGN_STYLE = Automatic;
				CURRENT_PROJECT_VERSION = 1;
				DEVELOPMENT_TEAM = 9R69KM2JER;
				GENERATE_INFOPLIST_FILE = YES;
				INFOPLIST_FILE = "RIL Notes/Info.plist";
				INFOPLIST_KEY_UIApplicationSupportsIndirectInputEvents = YES;
				INFOPLIST_KEY_UILaunchStoryboardName = LaunchScreen;
				INFOPLIST_KEY_UIMainStoryboardFile = Main;
				INFOPLIST_KEY_UISupportedInterfaceOrientations_iPad = "UIInterfaceOrientationPortrait UIInterfaceOrientationPortraitUpsideDown UIInterfaceOrientationLandscapeLeft UIInterfaceOrientationLandscapeRight";
				INFOPLIST_KEY_UISupportedInterfaceOrientations_iPhone = "UIInterfaceOrientationPortrait UIInterfaceOrientationLandscapeLeft UIInterfaceOrientationLandscapeRight";
				LD_RUNPATH_SEARCH_PATHS = (
					"$(inherited)",
					"@executable_path/Frameworks",
				);
				MARKETING_VERSION = 1.0;
				PRODUCT_BUNDLE_IDENTIFIER = "com.test.RIL-Notes";
				PRODUCT_NAME = "$(TARGET_NAME)";
				SWIFT_EMIT_LOC_STRINGS = YES;
				SWIFT_VERSION = 5.0;
				TARGETED_DEVICE_FAMILY = "1,2";
			};
			name = Debug;
		};
		32257E5928ACF7950084218F /* Release */ = {
			isa = XCBuildConfiguration;
			buildSettings = {
				ASSETCATALOG_COMPILER_APPICON_NAME = AppIcon;
				ASSETCATALOG_COMPILER_GLOBAL_ACCENT_COLOR_NAME = AccentColor;
				CODE_SIGN_STYLE = Automatic;
				CURRENT_PROJECT_VERSION = 1;
				DEVELOPMENT_TEAM = 9R69KM2JER;
				GENERATE_INFOPLIST_FILE = YES;
				INFOPLIST_FILE = "RIL Notes/Info.plist";
				INFOPLIST_KEY_UIApplicationSupportsIndirectInputEvents = YES;
				INFOPLIST_KEY_UILaunchStoryboardName = LaunchScreen;
				INFOPLIST_KEY_UIMainStoryboardFile = Main;
				INFOPLIST_KEY_UISupportedInterfaceOrientations_iPad = "UIInterfaceOrientationPortrait UIInterfaceOrientationPortraitUpsideDown UIInterfaceOrientationLandscapeLeft UIInterfaceOrientationLandscapeRight";
				INFOPLIST_KEY_UISupportedInterfaceOrientations_iPhone = "UIInterfaceOrientationPortrait UIInterfaceOrientationLandscapeLeft UIInterfaceOrientationLandscapeRight";
				LD_RUNPATH_SEARCH_PATHS = (
					"$(inherited)",
					"@executable_path/Frameworks",
				);
				MARKETING_VERSION = 1.0;
				PRODUCT_BUNDLE_IDENTIFIER = "com.test.RIL-Notes";
				PRODUCT_NAME = "$(TARGET_NAME)";
				SWIFT_EMIT_LOC_STRINGS = YES;
				SWIFT_VERSION = 5.0;
				TARGETED_DEVICE_FAMILY = "1,2";
			};
			name = Release;
		};
		32257E5B28ACF7950084218F /* Debug */ = {
			isa = XCBuildConfiguration;
			buildSettings = {
				ALWAYS_EMBED_SWIFT_STANDARD_LIBRARIES = YES;
				BUNDLE_LOADER = "$(TEST_HOST)";
				CODE_SIGN_STYLE = Automatic;
				CURRENT_PROJECT_VERSION = 1;
				DEVELOPMENT_TEAM = 9R69KM2JER;
				GENERATE_INFOPLIST_FILE = YES;
				IPHONEOS_DEPLOYMENT_TARGET = 15.5;
				MARKETING_VERSION = 1.0;
				PRODUCT_BUNDLE_IDENTIFIER = "com.test.RIL-NotesTests";
				PRODUCT_NAME = "$(TARGET_NAME)";
				SWIFT_EMIT_LOC_STRINGS = NO;
				SWIFT_VERSION = 5.0;
				TARGETED_DEVICE_FAMILY = "1,2";
				TEST_HOST = "$(BUILT_PRODUCTS_DIR)/RIL Notes.app/RIL Notes";
			};
			name = Debug;
		};
		32257E5C28ACF7950084218F /* Release */ = {
			isa = XCBuildConfiguration;
			buildSettings = {
				ALWAYS_EMBED_SWIFT_STANDARD_LIBRARIES = YES;
				BUNDLE_LOADER = "$(TEST_HOST)";
				CODE_SIGN_STYLE = Automatic;
				CURRENT_PROJECT_VERSION = 1;
				DEVELOPMENT_TEAM = 9R69KM2JER;
				GENERATE_INFOPLIST_FILE = YES;
				IPHONEOS_DEPLOYMENT_TARGET = 15.5;
				MARKETING_VERSION = 1.0;
				PRODUCT_BUNDLE_IDENTIFIER = "com.test.RIL-NotesTests";
				PRODUCT_NAME = "$(TARGET_NAME)";
				SWIFT_EMIT_LOC_STRINGS = NO;
				SWIFT_VERSION = 5.0;
				TARGETED_DEVICE_FAMILY = "1,2";
				TEST_HOST = "$(BUILT_PRODUCTS_DIR)/RIL Notes.app/RIL Notes";
			};
			name = Release;
		};
		32257E5E28ACF7950084218F /* Debug */ = {
			isa = XCBuildConfiguration;
			buildSettings = {
				ALWAYS_EMBED_SWIFT_STANDARD_LIBRARIES = YES;
				CODE_SIGN_STYLE = Automatic;
				CURRENT_PROJECT_VERSION = 1;
				DEVELOPMENT_TEAM = 9R69KM2JER;
				GENERATE_INFOPLIST_FILE = YES;
				MARKETING_VERSION = 1.0;
				PRODUCT_BUNDLE_IDENTIFIER = "com.test.RIL-NotesUITests";
				PRODUCT_NAME = "$(TARGET_NAME)";
				SWIFT_EMIT_LOC_STRINGS = NO;
				SWIFT_VERSION = 5.0;
				TARGETED_DEVICE_FAMILY = "1,2";
				TEST_TARGET_NAME = "RIL Notes";
			};
			name = Debug;
		};
		32257E5F28ACF7950084218F /* Release */ = {
			isa = XCBuildConfiguration;
			buildSettings = {
				ALWAYS_EMBED_SWIFT_STANDARD_LIBRARIES = YES;
				CODE_SIGN_STYLE = Automatic;
				CURRENT_PROJECT_VERSION = 1;
				DEVELOPMENT_TEAM = 9R69KM2JER;
				GENERATE_INFOPLIST_FILE = YES;
				MARKETING_VERSION = 1.0;
				PRODUCT_BUNDLE_IDENTIFIER = "com.test.RIL-NotesUITests";
				PRODUCT_NAME = "$(TARGET_NAME)";
				SWIFT_EMIT_LOC_STRINGS = NO;
				SWIFT_VERSION = 5.0;
				TARGETED_DEVICE_FAMILY = "1,2";
				TEST_TARGET_NAME = "RIL Notes";
			};
			name = Release;
		};
/* End XCBuildConfiguration section */

/* Begin XCConfigurationList section */
		32257E2528ACF7900084218F /* Build configuration list for PBXProject "RIL Notes" */ = {
			isa = XCConfigurationList;
			buildConfigurations = (
				32257E5528ACF7950084218F /* Debug */,
				32257E5628ACF7950084218F /* Release */,
			);
			defaultConfigurationIsVisible = 0;
			defaultConfigurationName = Release;
		};
		32257E5728ACF7950084218F /* Build configuration list for PBXNativeTarget "RIL Notes" */ = {
			isa = XCConfigurationList;
			buildConfigurations = (
				32257E5828ACF7950084218F /* Debug */,
				32257E5928ACF7950084218F /* Release */,
			);
			defaultConfigurationIsVisible = 0;
			defaultConfigurationName = Release;
		};
		32257E5A28ACF7950084218F /* Build configuration list for PBXNativeTarget "RIL NotesTests" */ = {
			isa = XCConfigurationList;
			buildConfigurations = (
				32257E5B28ACF7950084218F /* Debug */,
				32257E5C28ACF7950084218F /* Release */,
			);
			defaultConfigurationIsVisible = 0;
			defaultConfigurationName = Release;
		};
		32257E5D28ACF7950084218F /* Build configuration list for PBXNativeTarget "RIL NotesUITests" */ = {
			isa = XCConfigurationList;
			buildConfigurations = (
				32257E5E28ACF7950084218F /* Debug */,
				32257E5F28ACF7950084218F /* Release */,
			);
			defaultConfigurationIsVisible = 0;
			defaultConfigurationName = Release;
		};
/* End XCConfigurationList section */

/* Begin XCVersionGroup section */
		32257E3628ACF7900084218F /* RIL_Notes.xcdatamodeld */ = {
			isa = XCVersionGroup;
			children = (
				32257E3728ACF7900084218F /* RIL_Notes.xcdatamodel */,
			);
			currentVersion = 32257E3728ACF7900084218F /* RIL_Notes.xcdatamodel */;
			path = RIL_Notes.xcdatamodeld;
			sourceTree = "<group>";
			versionGroupType = wrapper.xcdatamodel;
		};
/* End XCVersionGroup section */
	};
	rootObject = 32257E2228ACF7900084218F /* Project object */;
}
